
Microsoft Visual Studio Solution File, Format Version 12.00
# Visual Studio 14
VisualStudioVersion = 14.0.25420.1
MinimumVisualStudioVersion = 10.0.40219.1
Project("{FAE04EC0-301F-11D3-BF4B-00C04F79EFBC}") = "TestXamarinFormsLogging.Droid", "TestXamarinFormsLogging\TestXamarinFormsLogging.Droid\TestXamarinFormsLogging.Droid.csproj", "{05D3324F-1986-4E2A-B167-04C42703D430}"
EndProject
Project("{FAE04EC0-301F-11D3-BF4B-00C04F79EFBC}") = "TestXamarinFormsLogging.iOS", "TestXamarinFormsLogging\TestXamarinFormsLogging.iOS\TestXamarinFormsLogging.iOS.csproj", "{78A624FB-2C46-431A-AA23-523A4A1223BC}"
EndProject
Project("{FAE04EC0-301F-11D3-BF4B-00C04F79EFBC}") = "TestXamarinFormsLogging.WinPhone", "TestXamarinFormsLogging\TestXamarinFormsLogging.WinPhone\TestXamarinFormsLogging.WinPhone.csproj", "{0D4DF443-C926-4BB2-AC1F-34667371F04A}"
EndProject
Project("{FAE04EC0-301F-11D3-BF4B-00C04F79EFBC}") = "TestXamarinFormsLogging.UWP", "TestXamarinFormsLogging\TestXamarinFormsLogging.UWP\TestXamarinFormsLogging.UWP.csproj", "{F7640BB0-B584-428D-BD39-C95A1715371B}"
EndProject
Project("{FAE04EC0-301F-11D3-BF4B-00C04F79EFBC}") = "TestXamarinFormsLogging.Windows", "TestXamarinFormsLogging\TestXamarinFormsLogging.Windows\TestXamarinFormsLogging.Windows.csproj", "{5BD51D08-5123-4384-8B86-2786D8850A2C}"
EndProject
Project("{FAE04EC0-301F-11D3-BF4B-00C04F79EFBC}") = "TestXamarinFormsLogging", "TestXamarinFormsLogging\TestXamarinFormsLogging\TestXamarinFormsLogging.csproj", "{D5D2E893-9B3F-4F75-8C09-551A109F6D84}"
EndProject
Project("{FAE04EC0-301F-11D3-BF4B-00C04F79EFBC}") = "XamarinFormsLogger", "TestXamarinFormsLogging\XamarinFormsLogger\XamarinFormsLogger.csproj", "{67F9D3A8-F71E-4428-913F-C37AE82CDB24}"
EndProject
Global
	GlobalSection(SolutionConfigurationPlatforms) = preSolution
		Ad-Hoc|Any CPU = Ad-Hoc|Any CPU
		Ad-Hoc|ARM = Ad-Hoc|ARM
		Ad-Hoc|iPhone = Ad-Hoc|iPhone
		Ad-Hoc|iPhoneSimulator = Ad-Hoc|iPhoneSimulator
		Ad-Hoc|x64 = Ad-Hoc|x64
		Ad-Hoc|x86 = Ad-Hoc|x86
		AppStore|Any CPU = AppStore|Any CPU
		AppStore|ARM = AppStore|ARM
		AppStore|iPhone = AppStore|iPhone
		AppStore|iPhoneSimulator = AppStore|iPhoneSimulator
		AppStore|x64 = AppStore|x64
		AppStore|x86 = AppStore|x86
		Debug|Any CPU = Debug|Any CPU
		Debug|ARM = Debug|ARM
		Debug|iPhone = Debug|iPhone
		Debug|iPhoneSimulator = Debug|iPhoneSimulator
		Debug|x64 = Debug|x64
		Debug|x86 = Debug|x86
		Release|Any CPU = Release|Any CPU
		Release|ARM = Release|ARM
		Release|iPhone = Release|iPhone
		Release|iPhoneSimulator = Release|iPhoneSimulator
		Release|x64 = Release|x64
		Release|x86 = Release|x86
	EndGlobalSection
	GlobalSection(ProjectConfigurationPlatforms) = postSolution
		{05D3324F-1986-4E2A-B167-04C42703D430}.Ad-Hoc|Any CPU.ActiveCfg = Release|Any CPU
		{05D3324F-1986-4E2A-B167-04C42703D430}.Ad-Hoc|Any CPU.Build.0 = Release|Any CPU
		{05D3324F-1986-4E2A-B167-04C42703D430}.Ad-Hoc|Any CPU.Deploy.0 = Release|Any CPU
		{05D3324F-1986-4E2A-B167-04C42703D430}.Ad-Hoc|ARM.ActiveCfg = Release|Any CPU
		{05D3324F-1986-4E2A-B167-04C42703D430}.Ad-Hoc|ARM.Build.0 = Release|Any CPU
		{05D3324F-1986-4E2A-B167-04C42703D430}.Ad-Hoc|ARM.Deploy.0 = Release|Any CPU
		{05D3324F-1986-4E2A-B167-04C42703D430}.Ad-Hoc|iPhone.ActiveCfg = Release|Any CPU
		{05D3324F-1986-4E2A-B167-04C42703D430}.Ad-Hoc|iPhone.Build.0 = Release|Any CPU
		{05D3324F-1986-4E2A-B167-04C42703D430}.Ad-Hoc|iPhone.Deploy.0 = Release|Any CPU
		{05D3324F-1986-4E2A-B167-04C42703D430}.Ad-Hoc|iPhoneSimulator.ActiveCfg = Release|Any CPU
		{05D3324F-1986-4E2A-B167-04C42703D430}.Ad-Hoc|iPhoneSimulator.Build.0 = Release|Any CPU
		{05D3324F-1986-4E2A-B167-04C42703D430}.Ad-Hoc|iPhoneSimulator.Deploy.0 = Release|Any CPU
		{05D3324F-1986-4E2A-B167-04C42703D430}.Ad-Hoc|x64.ActiveCfg = Release|Any CPU
		{05D3324F-1986-4E2A-B167-04C42703D430}.Ad-Hoc|x64.Build.0 = Release|Any CPU
		{05D3324F-1986-4E2A-B167-04C42703D430}.Ad-Hoc|x64.Deploy.0 = Release|Any CPU
		{05D3324F-1986-4E2A-B167-04C42703D430}.Ad-Hoc|x86.ActiveCfg = Release|Any CPU
		{05D3324F-1986-4E2A-B167-04C42703D430}.Ad-Hoc|x86.Build.0 = Release|Any CPU
		{05D3324F-1986-4E2A-B167-04C42703D430}.Ad-Hoc|x86.Deploy.0 = Release|Any CPU
		{05D3324F-1986-4E2A-B167-04C42703D430}.AppStore|Any CPU.ActiveCfg = Release|Any CPU
		{05D3324F-1986-4E2A-B167-04C42703D430}.AppStore|Any CPU.Build.0 = Release|Any CPU
		{05D3324F-1986-4E2A-B167-04C42703D430}.AppStore|Any CPU.Deploy.0 = Release|Any CPU
		{05D3324F-1986-4E2A-B167-04C42703D430}.AppStore|ARM.ActiveCfg = Release|Any CPU
		{05D3324F-1986-4E2A-B167-04C42703D430}.AppStore|ARM.Build.0 = Release|Any CPU
		{05D3324F-1986-4E2A-B167-04C42703D430}.AppStore|ARM.Deploy.0 = Release|Any CPU
		{05D3324F-1986-4E2A-B167-04C42703D430}.AppStore|iPhone.ActiveCfg = Release|Any CPU
		{05D3324F-1986-4E2A-B167-04C42703D430}.AppStore|iPhone.Build.0 = Release|Any CPU
		{05D3324F-1986-4E2A-B167-04C42703D430}.AppStore|iPhone.Deploy.0 = Release|Any CPU
		{05D3324F-1986-4E2A-B167-04C42703D430}.AppStore|iPhoneSimulator.ActiveCfg = Release|Any CPU
		{05D3324F-1986-4E2A-B167-04C42703D430}.AppStore|iPhoneSimulator.Build.0 = Release|Any CPU
		{05D3324F-1986-4E2A-B167-04C42703D430}.AppStore|iPhoneSimulator.Deploy.0 = Release|Any CPU
		{05D3324F-1986-4E2A-B167-04C42703D430}.AppStore|x64.ActiveCfg = Release|Any CPU
		{05D3324F-1986-4E2A-B167-04C42703D430}.AppStore|x64.Build.0 = Release|Any CPU
		{05D3324F-1986-4E2A-B167-04C42703D430}.AppStore|x64.Deploy.0 = Release|Any CPU
		{05D3324F-1986-4E2A-B167-04C42703D430}.AppStore|x86.ActiveCfg = Release|Any CPU
		{05D3324F-1986-4E2A-B167-04C42703D430}.AppStore|x86.Build.0 = Release|Any CPU
		{05D3324F-1986-4E2A-B167-04C42703D430}.AppStore|x86.Deploy.0 = Release|Any CPU
		{05D3324F-1986-4E2A-B167-04C42703D430}.Debug|Any CPU.ActiveCfg = Debug|Any CPU
		{05D3324F-1986-4E2A-B167-04C42703D430}.Debug|Any CPU.Build.0 = Debug|Any CPU
		{05D3324F-1986-4E2A-B167-04C42703D430}.Debug|Any CPU.Deploy.0 = Debug|Any CPU
		{05D3324F-1986-4E2A-B167-04C42703D430}.Debug|ARM.ActiveCfg = Debug|Any CPU
		{05D3324F-1986-4E2A-B167-04C42703D430}.Debug|ARM.Build.0 = Debug|Any CPU
		{05D3324F-1986-4E2A-B167-04C42703D430}.Debug|ARM.Deploy.0 = Debug|Any CPU
		{05D3324F-1986-4E2A-B167-04C42703D430}.Debug|iPhone.ActiveCfg = Debug|Any CPU
		{05D3324F-1986-4E2A-B167-04C42703D430}.Debug|iPhone.Build.0 = Debug|Any CPU
		{05D3324F-1986-4E2A-B167-04C42703D430}.Debug|iPhone.Deploy.0 = Debug|Any CPU
		{05D3324F-1986-4E2A-B167-04C42703D430}.Debug|iPhoneSimulator.ActiveCfg = Debug|Any CPU
		{05D3324F-1986-4E2A-B167-04C42703D430}.Debug|iPhoneSimulator.Build.0 = Debug|Any CPU
		{05D3324F-1986-4E2A-B167-04C42703D430}.Debug|iPhoneSimulator.Deploy.0 = Debug|Any CPU
		{05D3324F-1986-4E2A-B167-04C42703D430}.Debug|x64.ActiveCfg = Debug|Any CPU
		{05D3324F-1986-4E2A-B167-04C42703D430}.Debug|x64.Build.0 = Debug|Any CPU
		{05D3324F-1986-4E2A-B167-04C42703D430}.Debug|x64.Deploy.0 = Debug|Any CPU
		{05D3324F-1986-4E2A-B167-04C42703D430}.Debug|x86.ActiveCfg = Debug|Any CPU
		{05D3324F-1986-4E2A-B167-04C42703D430}.Debug|x86.Build.0 = Debug|Any CPU
		{05D3324F-1986-4E2A-B167-04C42703D430}.Debug|x86.Deploy.0 = Debug|Any CPU
		{05D3324F-1986-4E2A-B167-04C42703D430}.Release|Any CPU.ActiveCfg = Release|Any CPU
		{05D3324F-1986-4E2A-B167-04C42703D430}.Release|Any CPU.Build.0 = Release|Any CPU
		{05D3324F-1986-4E2A-B167-04C42703D430}.Release|Any CPU.Deploy.0 = Release|Any CPU
		{05D3324F-1986-4E2A-B167-04C42703D430}.Release|ARM.ActiveCfg = Release|Any CPU
		{05D3324F-1986-4E2A-B167-04C42703D430}.Release|ARM.Build.0 = Release|Any CPU
		{05D3324F-1986-4E2A-B167-04C42703D430}.Release|ARM.Deploy.0 = Release|Any CPU
		{05D3324F-1986-4E2A-B167-04C42703D430}.Release|iPhone.ActiveCfg = Release|Any CPU
		{05D3324F-1986-4E2A-B167-04C42703D430}.Release|iPhone.Build.0 = Release|Any CPU
		{05D3324F-1986-4E2A-B167-04C42703D430}.Release|iPhone.Deploy.0 = Release|Any CPU
		{05D3324F-1986-4E2A-B167-04C42703D430}.Release|iPhoneSimulator.ActiveCfg = Release|Any CPU
		{05D3324F-1986-4E2A-B167-04C42703D430}.Release|iPhoneSimulator.Build.0 = Release|Any CPU
		{05D3324F-1986-4E2A-B167-04C42703D430}.Release|iPhoneSimulator.Deploy.0 = Release|Any CPU
		{05D3324F-1986-4E2A-B167-04C42703D430}.Release|x64.ActiveCfg = Release|Any CPU
		{05D3324F-1986-4E2A-B167-04C42703D430}.Release|x64.Build.0 = Release|Any CPU
		{05D3324F-1986-4E2A-B167-04C42703D430}.Release|x64.Deploy.0 = Release|Any CPU
		{05D3324F-1986-4E2A-B167-04C42703D430}.Release|x86.ActiveCfg = Release|Any CPU
		{05D3324F-1986-4E2A-B167-04C42703D430}.Release|x86.Build.0 = Release|Any CPU
		{05D3324F-1986-4E2A-B167-04C42703D430}.Release|x86.Deploy.0 = Release|Any CPU
		{78A624FB-2C46-431A-AA23-523A4A1223BC}.Ad-Hoc|Any CPU.ActiveCfg = Ad-Hoc|iPhone
		{78A624FB-2C46-431A-AA23-523A4A1223BC}.Ad-Hoc|ARM.ActiveCfg = Ad-Hoc|iPhone
		{78A624FB-2C46-431A-AA23-523A4A1223BC}.Ad-Hoc|iPhone.ActiveCfg = Ad-Hoc|iPhone
		{78A624FB-2C46-431A-AA23-523A4A1223BC}.Ad-Hoc|iPhone.Build.0 = Ad-Hoc|iPhone
		{78A624FB-2C46-431A-AA23-523A4A1223BC}.Ad-Hoc|iPhoneSimulator.ActiveCfg = Ad-Hoc|iPhoneSimulator
		{78A624FB-2C46-431A-AA23-523A4A1223BC}.Ad-Hoc|iPhoneSimulator.Build.0 = Ad-Hoc|iPhoneSimulator
		{78A624FB-2C46-431A-AA23-523A4A1223BC}.Ad-Hoc|x64.ActiveCfg = Ad-Hoc|iPhone
		{78A624FB-2C46-431A-AA23-523A4A1223BC}.Ad-Hoc|x86.ActiveCfg = Ad-Hoc|iPhone
		{78A624FB-2C46-431A-AA23-523A4A1223BC}.AppStore|Any CPU.ActiveCfg = AppStore|iPhone
		{78A624FB-2C46-431A-AA23-523A4A1223BC}.AppStore|ARM.ActiveCfg = AppStore|iPhone
		{78A624FB-2C46-431A-AA23-523A4A1223BC}.AppStore|iPhone.ActiveCfg = AppStore|iPhone
		{78A624FB-2C46-431A-AA23-523A4A1223BC}.AppStore|iPhone.Build.0 = AppStore|iPhone
		{78A624FB-2C46-431A-AA23-523A4A1223BC}.AppStore|iPhoneSimulator.ActiveCfg = AppStore|iPhoneSimulator
		{78A624FB-2C46-431A-AA23-523A4A1223BC}.AppStore|iPhoneSimulator.Build.0 = AppStore|iPhoneSimulator
		{78A624FB-2C46-431A-AA23-523A4A1223BC}.AppStore|x64.ActiveCfg = AppStore|iPhone
		{78A624FB-2C46-431A-AA23-523A4A1223BC}.AppStore|x86.ActiveCfg = AppStore|iPhone
		{78A624FB-2C46-431A-AA23-523A4A1223BC}.Debug|Any CPU.ActiveCfg = Debug|iPhone
		{78A624FB-2C46-431A-AA23-523A4A1223BC}.Debug|ARM.ActiveCfg = Debug|iPhone
		{78A624FB-2C46-431A-AA23-523A4A1223BC}.Debug|iPhone.ActiveCfg = Debug|iPhone
		{78A624FB-2C46-431A-AA23-523A4A1223BC}.Debug|iPhone.Build.0 = Debug|iPhone
		{78A624FB-2C46-431A-AA23-523A4A1223BC}.Debug|iPhoneSimulator.ActiveCfg = Debug|iPhoneSimulator
		{78A624FB-2C46-431A-AA23-523A4A1223BC}.Debug|iPhoneSimulator.Build.0 = Debug|iPhoneSimulator
		{78A624FB-2C46-431A-AA23-523A4A1223BC}.Debug|x64.ActiveCfg = Debug|iPhone
		{78A624FB-2C46-431A-AA23-523A4A1223BC}.Debug|x86.ActiveCfg = Debug|iPhone
		{78A624FB-2C46-431A-AA23-523A4A1223BC}.Release|Any CPU.ActiveCfg = Release|iPhone
		{78A624FB-2C46-431A-AA23-523A4A1223BC}.Release|ARM.ActiveCfg = Release|iPhone
		{78A624FB-2C46-431A-AA23-523A4A1223BC}.Release|iPhone.ActiveCfg = Release|iPhone
		{78A624FB-2C46-431A-AA23-523A4A1223BC}.Release|iPhone.Build.0 = Release|iPhone
		{78A624FB-2C46-431A-AA23-523A4A1223BC}.Release|iPhoneSimulator.ActiveCfg = Release|iPhoneSimulator
		{78A624FB-2C46-431A-AA23-523A4A1223BC}.Release|iPhoneSimulator.Build.0 = Release|iPhoneSimulator
		{78A624FB-2C46-431A-AA23-523A4A1223BC}.Release|x64.ActiveCfg = Release|iPhone
		{78A624FB-2C46-431A-AA23-523A4A1223BC}.Release|x86.ActiveCfg = Release|iPhone
		{0D4DF443-C926-4BB2-AC1F-34667371F04A}.Ad-Hoc|Any CPU.ActiveCfg = Release|Any CPU
		{0D4DF443-C926-4BB2-AC1F-34667371F04A}.Ad-Hoc|Any CPU.Build.0 = Release|Any CPU
		{0D4DF443-C926-4BB2-AC1F-34667371F04A}.Ad-Hoc|Any CPU.Deploy.0 = Release|Any CPU
		{0D4DF443-C926-4BB2-AC1F-34667371F04A}.Ad-Hoc|ARM.ActiveCfg = Release|ARM
		{0D4DF443-C926-4BB2-AC1F-34667371F04A}.Ad-Hoc|ARM.Build.0 = Release|ARM
		{0D4DF443-C926-4BB2-AC1F-34667371F04A}.Ad-Hoc|ARM.Deploy.0 = Release|ARM
		{0D4DF443-C926-4BB2-AC1F-34667371F04A}.Ad-Hoc|iPhone.ActiveCfg = Release|Any CPU
		{0D4DF443-C926-4BB2-AC1F-34667371F04A}.Ad-Hoc|iPhone.Build.0 = Release|Any CPU
		{0D4DF443-C926-4BB2-AC1F-34667371F04A}.Ad-Hoc|iPhone.Deploy.0 = Release|Any CPU
		{0D4DF443-C926-4BB2-AC1F-34667371F04A}.Ad-Hoc|iPhoneSimulator.ActiveCfg = Release|Any CPU
		{0D4DF443-C926-4BB2-AC1F-34667371F04A}.Ad-Hoc|iPhoneSimulator.Build.0 = Release|Any CPU
		{0D4DF443-C926-4BB2-AC1F-34667371F04A}.Ad-Hoc|iPhoneSimulator.Deploy.0 = Release|Any CPU
		{0D4DF443-C926-4BB2-AC1F-34667371F04A}.Ad-Hoc|x64.ActiveCfg = Release|Any CPU
		{0D4DF443-C926-4BB2-AC1F-34667371F04A}.Ad-Hoc|x64.Build.0 = Release|Any CPU
		{0D4DF443-C926-4BB2-AC1F-34667371F04A}.Ad-Hoc|x64.Deploy.0 = Release|Any CPU
		{0D4DF443-C926-4BB2-AC1F-34667371F04A}.Ad-Hoc|x86.ActiveCfg = Release|x86
		{0D4DF443-C926-4BB2-AC1F-34667371F04A}.Ad-Hoc|x86.Build.0 = Release|x86
		{0D4DF443-C926-4BB2-AC1F-34667371F04A}.Ad-Hoc|x86.Deploy.0 = Release|x86
		{0D4DF443-C926-4BB2-AC1F-34667371F04A}.AppStore|Any CPU.ActiveCfg = Release|Any CPU
		{0D4DF443-C926-4BB2-AC1F-34667371F04A}.AppStore|Any CPU.Build.0 = Release|Any CPU
		{0D4DF443-C926-4BB2-AC1F-34667371F04A}.AppStore|Any CPU.Deploy.0 = Release|Any CPU
		{0D4DF443-C926-4BB2-AC1F-34667371F04A}.AppStore|ARM.ActiveCfg = Release|ARM
		{0D4DF443-C926-4BB2-AC1F-34667371F04A}.AppStore|ARM.Build.0 = Release|ARM
		{0D4DF443-C926-4BB2-AC1F-34667371F04A}.AppStore|ARM.Deploy.0 = Release|ARM
		{0D4DF443-C926-4BB2-AC1F-34667371F04A}.AppStore|iPhone.ActiveCfg = Release|Any CPU
		{0D4DF443-C926-4BB2-AC1F-34667371F04A}.AppStore|iPhone.Build.0 = Release|Any CPU
		{0D4DF443-C926-4BB2-AC1F-34667371F04A}.AppStore|iPhone.Deploy.0 = Release|Any CPU
		{0D4DF443-C926-4BB2-AC1F-34667371F04A}.AppStore|iPhoneSimulator.ActiveCfg = Release|Any CPU
		{0D4DF443-C926-4BB2-AC1F-34667371F04A}.AppStore|iPhoneSimulator.Build.0 = Release|Any CPU
		{0D4DF443-C926-4BB2-AC1F-34667371F04A}.AppStore|iPhoneSimulator.Deploy.0 = Release|Any CPU
		{0D4DF443-C926-4BB2-AC1F-34667371F04A}.AppStore|x64.ActiveCfg = Release|Any CPU
		{0D4DF443-C926-4BB2-AC1F-34667371F04A}.AppStore|x64.Build.0 = Release|Any CPU
		{0D4DF443-C926-4BB2-AC1F-34667371F04A}.AppStore|x64.Deploy.0 = Release|Any CPU
		{0D4DF443-C926-4BB2-AC1F-34667371F04A}.AppStore|x86.ActiveCfg = Release|x86
		{0D4DF443-C926-4BB2-AC1F-34667371F04A}.AppStore|x86.Build.0 = Release|x86
		{0D4DF443-C926-4BB2-AC1F-34667371F04A}.AppStore|x86.Deploy.0 = Release|x86
		{0D4DF443-C926-4BB2-AC1F-34667371F04A}.Debug|Any CPU.ActiveCfg = Debug|Any CPU
		{0D4DF443-C926-4BB2-AC1F-34667371F04A}.Debug|Any CPU.Build.0 = Debug|Any CPU
		{0D4DF443-C926-4BB2-AC1F-34667371F04A}.Debug|Any CPU.Deploy.0 = Debug|Any CPU
		{0D4DF443-C926-4BB2-AC1F-34667371F04A}.Debug|ARM.ActiveCfg = Debug|ARM
		{0D4DF443-C926-4BB2-AC1F-34667371F04A}.Debug|ARM.Build.0 = Debug|ARM
		{0D4DF443-C926-4BB2-AC1F-34667371F04A}.Debug|ARM.Deploy.0 = Debug|ARM
		{0D4DF443-C926-4BB2-AC1F-34667371F04A}.Debug|iPhone.ActiveCfg = Debug|Any CPU
		{0D4DF443-C926-4BB2-AC1F-34667371F04A}.Debug|iPhone.Build.0 = Debug|Any CPU
		{0D4DF443-C926-4BB2-AC1F-34667371F04A}.Debug|iPhone.Deploy.0 = Debug|Any CPU
		{0D4DF443-C926-4BB2-AC1F-34667371F04A}.Debug|iPhoneSimulator.ActiveCfg = Debug|Any CPU
		{0D4DF443-C926-4BB2-AC1F-34667371F04A}.Debug|iPhoneSimulator.Build.0 = Debug|Any CPU
		{0D4DF443-C926-4BB2-AC1F-34667371F04A}.Debug|iPhoneSimulator.Deploy.0 = Debug|Any CPU
		{0D4DF443-C926-4BB2-AC1F-34667371F04A}.Debug|x64.ActiveCfg = Debug|Any CPU
		{0D4DF443-C926-4BB2-AC1F-34667371F04A}.Debug|x64.Build.0 = Debug|Any CPU
		{0D4DF443-C926-4BB2-AC1F-34667371F04A}.Debug|x64.Deploy.0 = Debug|Any CPU
		{0D4DF443-C926-4BB2-AC1F-34667371F04A}.Debug|x86.ActiveCfg = Debug|x86
		{0D4DF443-C926-4BB2-AC1F-34667371F04A}.Debug|x86.Build.0 = Debug|x86
		{0D4DF443-C926-4BB2-AC1F-34667371F04A}.Debug|x86.Deploy.0 = Debug|x86
		{0D4DF443-C926-4BB2-AC1F-34667371F04A}.Release|Any CPU.ActiveCfg = Release|Any CPU
		{0D4DF443-C926-4BB2-AC1F-34667371F04A}.Release|Any CPU.Build.0 = Release|Any CPU
		{0D4DF443-C926-4BB2-AC1F-34667371F04A}.Release|Any CPU.Deploy.0 = Release|Any CPU
		{0D4DF443-C926-4BB2-AC1F-34667371F04A}.Release|ARM.ActiveCfg = Release|ARM
		{0D4DF443-C926-4BB2-AC1F-34667371F04A}.Release|ARM.Build.0 = Release|ARM
		{0D4DF443-C926-4BB2-AC1F-34667371F04A}.Release|ARM.Deploy.0 = Release|ARM
		{0D4DF443-C926-4BB2-AC1F-34667371F04A}.Release|iPhone.ActiveCfg = Release|Any CPU
		{0D4DF443-C926-4BB2-AC1F-34667371F04A}.Release|iPhone.Build.0 = Release|Any CPU
		{0D4DF443-C926-4BB2-AC1F-34667371F04A}.Release|iPhone.Deploy.0 = Release|Any CPU
		{0D4DF443-C926-4BB2-AC1F-34667371F04A}.Release|iPhoneSimulator.ActiveCfg = Release|Any CPU
		{0D4DF443-C926-4BB2-AC1F-34667371F04A}.Release|iPhoneSimulator.Build.0 = Release|Any CPU
		{0D4DF443-C926-4BB2-AC1F-34667371F04A}.Release|iPhoneSimulator.Deploy.0 = Release|Any CPU
		{0D4DF443-C926-4BB2-AC1F-34667371F04A}.Release|x64.ActiveCfg = Release|Any CPU
		{0D4DF443-C926-4BB2-AC1F-34667371F04A}.Release|x64.Build.0 = Release|Any CPU
		{0D4DF443-C926-4BB2-AC1F-34667371F04A}.Release|x64.Deploy.0 = Release|Any CPU
		{0D4DF443-C926-4BB2-AC1F-34667371F04A}.Release|x86.ActiveCfg = Release|x86
		{0D4DF443-C926-4BB2-AC1F-34667371F04A}.Release|x86.Build.0 = Release|x86
		{0D4DF443-C926-4BB2-AC1F-34667371F04A}.Release|x86.Deploy.0 = Release|x86
		{F7640BB0-B584-428D-BD39-C95A1715371B}.Ad-Hoc|Any CPU.ActiveCfg = Release|x86
		{F7640BB0-B584-428D-BD39-C95A1715371B}.Ad-Hoc|Any CPU.Build.0 = Release|x86
		{F7640BB0-B584-428D-BD39-C95A1715371B}.Ad-Hoc|Any CPU.Deploy.0 = Release|x86
		{F7640BB0-B584-428D-BD39-C95A1715371B}.Ad-Hoc|ARM.ActiveCfg = Release|ARM
		{F7640BB0-B584-428D-BD39-C95A1715371B}.Ad-Hoc|ARM.Build.0 = Release|ARM
		{F7640BB0-B584-428D-BD39-C95A1715371B}.Ad-Hoc|ARM.Deploy.0 = Release|ARM
		{F7640BB0-B584-428D-BD39-C95A1715371B}.Ad-Hoc|iPhone.ActiveCfg = Release|x86
		{F7640BB0-B584-428D-BD39-C95A1715371B}.Ad-Hoc|iPhone.Build.0 = Release|x86
		{F7640BB0-B584-428D-BD39-C95A1715371B}.Ad-Hoc|iPhone.Deploy.0 = Release|x86
		{F7640BB0-B584-428D-BD39-C95A1715371B}.Ad-Hoc|iPhoneSimulator.ActiveCfg = Release|x86
		{F7640BB0-B584-428D-BD39-C95A1715371B}.Ad-Hoc|iPhoneSimulator.Build.0 = Release|x86
		{F7640BB0-B584-428D-BD39-C95A1715371B}.Ad-Hoc|iPhoneSimulator.Deploy.0 = Release|x86
		{F7640BB0-B584-428D-BD39-C95A1715371B}.Ad-Hoc|x64.ActiveCfg = Release|x64
		{F7640BB0-B584-428D-BD39-C95A1715371B}.Ad-Hoc|x64.Build.0 = Release|x64
		{F7640BB0-B584-428D-BD39-C95A1715371B}.Ad-Hoc|x64.Deploy.0 = Release|x64
		{F7640BB0-B584-428D-BD39-C95A1715371B}.Ad-Hoc|x86.ActiveCfg = Release|x86
		{F7640BB0-B584-428D-BD39-C95A1715371B}.Ad-Hoc|x86.Build.0 = Release|x86
		{F7640BB0-B584-428D-BD39-C95A1715371B}.Ad-Hoc|x86.Deploy.0 = Release|x86
		{F7640BB0-B584-428D-BD39-C95A1715371B}.AppStore|Any CPU.ActiveCfg = Release|x86
		{F7640BB0-B584-428D-BD39-C95A1715371B}.AppStore|Any CPU.Build.0 = Release|x86
		{F7640BB0-B584-428D-BD39-C95A1715371B}.AppStore|Any CPU.Deploy.0 = Release|x86
		{F7640BB0-B584-428D-BD39-C95A1715371B}.AppStore|ARM.ActiveCfg = Release|ARM
		{F7640BB0-B584-428D-BD39-C95A1715371B}.AppStore|ARM.Build.0 = Release|ARM
		{F7640BB0-B584-428D-BD39-C95A1715371B}.AppStore|ARM.Deploy.0 = Release|ARM
		{F7640BB0-B584-428D-BD39-C95A1715371B}.AppStore|iPhone.ActiveCfg = Release|x86
		{F7640BB0-B584-428D-BD39-C95A1715371B}.AppStore|iPhone.Build.0 = Release|x86
		{F7640BB0-B584-428D-BD39-C95A1715371B}.AppStore|iPhone.Deploy.0 = Release|x86
		{F7640BB0-B584-428D-BD39-C95A1715371B}.AppStore|iPhoneSimulator.ActiveCfg = Release|x86
		{F7640BB0-B584-428D-BD39-C95A1715371B}.AppStore|iPhoneSimulator.Build.0 = Release|x86
		{F7640BB0-B584-428D-BD39-C95A1715371B}.AppStore|iPhoneSimulator.Deploy.0 = Release|x86
		{F7640BB0-B584-428D-BD39-C95A1715371B}.AppStore|x64.ActiveCfg = Release|x64
		{F7640BB0-B584-428D-BD39-C95A1715371B}.AppStore|x64.Build.0 = Release|x64
		{F7640BB0-B584-428D-BD39-C95A1715371B}.AppStore|x64.Deploy.0 = Release|x64
		{F7640BB0-B584-428D-BD39-C95A1715371B}.AppStore|x86.ActiveCfg = Release|x86
		{F7640BB0-B584-428D-BD39-C95A1715371B}.AppStore|x86.Build.0 = Release|x86
		{F7640BB0-B584-428D-BD39-C95A1715371B}.AppStore|x86.Deploy.0 = Release|x86
		{F7640BB0-B584-428D-BD39-C95A1715371B}.Debug|Any CPU.ActiveCfg = Debug|x86
		{F7640BB0-B584-428D-BD39-C95A1715371B}.Debug|ARM.ActiveCfg = Debug|ARM
		{F7640BB0-B584-428D-BD39-C95A1715371B}.Debug|ARM.Build.0 = Debug|ARM
		{F7640BB0-B584-428D-BD39-C95A1715371B}.Debug|ARM.Deploy.0 = Debug|ARM
		{F7640BB0-B584-428D-BD39-C95A1715371B}.Debug|iPhone.ActiveCfg = Debug|x86
		{F7640BB0-B584-428D-BD39-C95A1715371B}.Debug|iPhoneSimulator.ActiveCfg = Debug|x86
		{F7640BB0-B584-428D-BD39-C95A1715371B}.Debug|x64.ActiveCfg = Debug|x64
		{F7640BB0-B584-428D-BD39-C95A1715371B}.Debug|x64.Build.0 = Debug|x64
		{F7640BB0-B584-428D-BD39-C95A1715371B}.Debug|x64.Deploy.0 = Debug|x64
		{F7640BB0-B584-428D-BD39-C95A1715371B}.Debug|x86.ActiveCfg = Debug|x86
		{F7640BB0-B584-428D-BD39-C95A1715371B}.Debug|x86.Build.0 = Debug|x86
		{F7640BB0-B584-428D-BD39-C95A1715371B}.Debug|x86.Deploy.0 = Debug|x86
		{F7640BB0-B584-428D-BD39-C95A1715371B}.Release|Any CPU.ActiveCfg = Release|x86
		{F7640BB0-B584-428D-BD39-C95A1715371B}.Release|ARM.ActiveCfg = Release|ARM
		{F7640BB0-B584-428D-BD39-C95A1715371B}.Release|ARM.Build.0 = Release|ARM
		{F7640BB0-B584-428D-BD39-C95A1715371B}.Release|ARM.Deploy.0 = Release|ARM
		{F7640BB0-B584-428D-BD39-C95A1715371B}.Release|iPhone.ActiveCfg = Release|x86
		{F7640BB0-B584-428D-BD39-C95A1715371B}.Release|iPhoneSimulator.ActiveCfg = Release|x86
		{F7640BB0-B584-428D-BD39-C95A1715371B}.Release|x64.ActiveCfg = Release|x64
		{F7640BB0-B584-428D-BD39-C95A1715371B}.Release|x64.Build.0 = Release|x64
		{F7640BB0-B584-428D-BD39-C95A1715371B}.Release|x64.Deploy.0 = Release|x64
		{F7640BB0-B584-428D-BD39-C95A1715371B}.Release|x86.ActiveCfg = Release|x86
		{F7640BB0-B584-428D-BD39-C95A1715371B}.Release|x86.Build.0 = Release|x86
		{F7640BB0-B584-428D-BD39-C95A1715371B}.Release|x86.Deploy.0 = Release|x86
		{5BD51D08-5123-4384-8B86-2786D8850A2C}.Ad-Hoc|Any CPU.ActiveCfg = Release|Any CPU
		{5BD51D08-5123-4384-8B86-2786D8850A2C}.Ad-Hoc|Any CPU.Build.0 = Release|Any CPU
		{5BD51D08-5123-4384-8B86-2786D8850A2C}.Ad-Hoc|Any CPU.Deploy.0 = Release|Any CPU
		{5BD51D08-5123-4384-8B86-2786D8850A2C}.Ad-Hoc|ARM.ActiveCfg = Release|ARM
		{5BD51D08-5123-4384-8B86-2786D8850A2C}.Ad-Hoc|ARM.Build.0 = Release|ARM
		{5BD51D08-5123-4384-8B86-2786D8850A2C}.Ad-Hoc|ARM.Deploy.0 = Release|ARM
		{5BD51D08-5123-4384-8B86-2786D8850A2C}.Ad-Hoc|iPhone.ActiveCfg = Release|Any CPU
		{5BD51D08-5123-4384-8B86-2786D8850A2C}.Ad-Hoc|iPhone.Build.0 = Release|Any CPU
		{5BD51D08-5123-4384-8B86-2786D8850A2C}.Ad-Hoc|iPhone.Deploy.0 = Release|Any CPU
		{5BD51D08-5123-4384-8B86-2786D8850A2C}.Ad-Hoc|iPhoneSimulator.ActiveCfg = Release|Any CPU
		{5BD51D08-5123-4384-8B86-2786D8850A2C}.Ad-Hoc|iPhoneSimulator.Build.0 = Release|Any CPU
		{5BD51D08-5123-4384-8B86-2786D8850A2C}.Ad-Hoc|iPhoneSimulator.Deploy.0 = Release|Any CPU
		{5BD51D08-5123-4384-8B86-2786D8850A2C}.Ad-Hoc|x64.ActiveCfg = Release|x64
		{5BD51D08-5123-4384-8B86-2786D8850A2C}.Ad-Hoc|x64.Build.0 = Release|x64
		{5BD51D08-5123-4384-8B86-2786D8850A2C}.Ad-Hoc|x64.Deploy.0 = Release|x64
		{5BD51D08-5123-4384-8B86-2786D8850A2C}.Ad-Hoc|x86.ActiveCfg = Release|x86
		{5BD51D08-5123-4384-8B86-2786D8850A2C}.Ad-Hoc|x86.Build.0 = Release|x86
		{5BD51D08-5123-4384-8B86-2786D8850A2C}.Ad-Hoc|x86.Deploy.0 = Release|x86
		{5BD51D08-5123-4384-8B86-2786D8850A2C}.AppStore|Any CPU.ActiveCfg = Release|Any CPU
		{5BD51D08-5123-4384-8B86-2786D8850A2C}.AppStore|Any CPU.Build.0 = Release|Any CPU
		{5BD51D08-5123-4384-8B86-2786D8850A2C}.AppStore|Any CPU.Deploy.0 = Release|Any CPU
		{5BD51D08-5123-4384-8B86-2786D8850A2C}.AppStore|ARM.ActiveCfg = Release|ARM
		{5BD51D08-5123-4384-8B86-2786D8850A2C}.AppStore|ARM.Build.0 = Release|ARM
		{5BD51D08-5123-4384-8B86-2786D8850A2C}.AppStore|ARM.Deploy.0 = Release|ARM
		{5BD51D08-5123-4384-8B86-2786D8850A2C}.AppStore|iPhone.ActiveCfg = Release|Any CPU
		{5BD51D08-5123-4384-8B86-2786D8850A2C}.AppStore|iPhone.Build.0 = Release|Any CPU
		{5BD51D08-5123-4384-8B86-2786D8850A2C}.AppStore|iPhone.Deploy.0 = Release|Any CPU
		{5BD51D08-5123-4384-8B86-2786D8850A2C}.AppStore|iPhoneSimulator.ActiveCfg = Release|Any CPU
		{5BD51D08-5123-4384-8B86-2786D8850A2C}.AppStore|iPhoneSimulator.Build.0 = Release|Any CPU
		{5BD51D08-5123-4384-8B86-2786D8850A2C}.AppStore|iPhoneSimulator.Deploy.0 = Release|Any CPU
		{5BD51D08-5123-4384-8B86-2786D8850A2C}.AppStore|x64.ActiveCfg = Release|x64
		{5BD51D08-5123-4384-8B86-2786D8850A2C}.AppStore|x64.Build.0 = Release|x64
		{5BD51D08-5123-4384-8B86-2786D8850A2C}.AppStore|x64.Deploy.0 = Release|x64
		{5BD51D08-5123-4384-8B86-2786D8850A2C}.AppStore|x86.ActiveCfg = Release|x86
		{5BD51D08-5123-4384-8B86-2786D8850A2C}.AppStore|x86.Build.0 = Release|x86
		{5BD51D08-5123-4384-8B86-2786D8850A2C}.AppStore|x86.Deploy.0 = Release|x86
		{5BD51D08-5123-4384-8B86-2786D8850A2C}.Debug|Any CPU.ActiveCfg = Debug|Any CPU
		{5BD51D08-5123-4384-8B86-2786D8850A2C}.Debug|Any CPU.Build.0 = Debug|Any CPU
		{5BD51D08-5123-4384-8B86-2786D8850A2C}.Debug|Any CPU.Deploy.0 = Debug|Any CPU
		{5BD51D08-5123-4384-8B86-2786D8850A2C}.Debug|ARM.ActiveCfg = Debug|ARM
		{5BD51D08-5123-4384-8B86-2786D8850A2C}.Debug|ARM.Build.0 = Debug|ARM
		{5BD51D08-5123-4384-8B86-2786D8850A2C}.Debug|ARM.Deploy.0 = Debug|ARM
		{5BD51D08-5123-4384-8B86-2786D8850A2C}.Debug|iPhone.ActiveCfg = Debug|Any CPU
		{5BD51D08-5123-4384-8B86-2786D8850A2C}.Debug|iPhone.Build.0 = Debug|Any CPU
		{5BD51D08-5123-4384-8B86-2786D8850A2C}.Debug|iPhone.Deploy.0 = Debug|Any CPU
		{5BD51D08-5123-4384-8B86-2786D8850A2C}.Debug|iPhoneSimulator.ActiveCfg = Debug|Any CPU
		{5BD51D08-5123-4384-8B86-2786D8850A2C}.Debug|iPhoneSimulator.Build.0 = Debug|Any CPU
		{5BD51D08-5123-4384-8B86-2786D8850A2C}.Debug|iPhoneSimulator.Deploy.0 = Debug|Any CPU
		{5BD51D08-5123-4384-8B86-2786D8850A2C}.Debug|x64.ActiveCfg = Debug|x64
		{5BD51D08-5123-4384-8B86-2786D8850A2C}.Debug|x64.Build.0 = Debug|x64
		{5BD51D08-5123-4384-8B86-2786D8850A2C}.Debug|x64.Deploy.0 = Debug|x64
		{5BD51D08-5123-4384-8B86-2786D8850A2C}.Debug|x86.ActiveCfg = Debug|x86
		{5BD51D08-5123-4384-8B86-2786D8850A2C}.Debug|x86.Build.0 = Debug|x86
		{5BD51D08-5123-4384-8B86-2786D8850A2C}.Debug|x86.Deploy.0 = Debug|x86
		{5BD51D08-5123-4384-8B86-2786D8850A2C}.Release|Any CPU.ActiveCfg = Release|Any CPU
		{5BD51D08-5123-4384-8B86-2786D8850A2C}.Release|Any CPU.Build.0 = Release|Any CPU
		{5BD51D08-5123-4384-8B86-2786D8850A2C}.Release|Any CPU.Deploy.0 = Release|Any CPU
		{5BD51D08-5123-4384-8B86-2786D8850A2C}.Release|ARM.ActiveCfg = Release|ARM
		{5BD51D08-5123-4384-8B86-2786D8850A2C}.Release|ARM.Build.0 = Release|ARM
		{5BD51D08-5123-4384-8B86-2786D8850A2C}.Release|ARM.Deploy.0 = Release|ARM
		{5BD51D08-5123-4384-8B86-2786D8850A2C}.Release|iPhone.ActiveCfg = Release|Any CPU
		{5BD51D08-5123-4384-8B86-2786D8850A2C}.Release|iPhone.Build.0 = Release|Any CPU
		{5BD51D08-5123-4384-8B86-2786D8850A2C}.Release|iPhone.Deploy.0 = Release|Any CPU
		{5BD51D08-5123-4384-8B86-2786D8850A2C}.Release|iPhoneSimulator.ActiveCfg = Release|Any CPU
		{5BD51D08-5123-4384-8B86-2786D8850A2C}.Release|iPhoneSimulator.Build.0 = Release|Any CPU
		{5BD51D08-5123-4384-8B86-2786D8850A2C}.Release|iPhoneSimulator.Deploy.0 = Release|Any CPU
		{5BD51D08-5123-4384-8B86-2786D8850A2C}.Release|x64.ActiveCfg = Release|x64
		{5BD51D08-5123-4384-8B86-2786D8850A2C}.Release|x64.Build.0 = Release|x64
		{5BD51D08-5123-4384-8B86-2786D8850A2C}.Release|x64.Deploy.0 = Release|x64
		{5BD51D08-5123-4384-8B86-2786D8850A2C}.Release|x86.ActiveCfg = Release|x86
		{5BD51D08-5123-4384-8B86-2786D8850A2C}.Release|x86.Build.0 = Release|x86
		{5BD51D08-5123-4384-8B86-2786D8850A2C}.Release|x86.Deploy.0 = Release|x86
		{D5D2E893-9B3F-4F75-8C09-551A109F6D84}.Ad-Hoc|Any CPU.ActiveCfg = Release|Any CPU
		{D5D2E893-9B3F-4F75-8C09-551A109F6D84}.Ad-Hoc|Any CPU.Build.0 = Release|Any CPU
		{D5D2E893-9B3F-4F75-8C09-551A109F6D84}.Ad-Hoc|ARM.ActiveCfg = Release|Any CPU
		{D5D2E893-9B3F-4F75-8C09-551A109F6D84}.Ad-Hoc|ARM.Build.0 = Release|Any CPU
		{D5D2E893-9B3F-4F75-8C09-551A109F6D84}.Ad-Hoc|iPhone.ActiveCfg = Release|Any CPU
		{D5D2E893-9B3F-4F75-8C09-551A109F6D84}.Ad-Hoc|iPhone.Build.0 = Release|Any CPU
		{D5D2E893-9B3F-4F75-8C09-551A109F6D84}.Ad-Hoc|iPhoneSimulator.ActiveCfg = Release|Any CPU
		{D5D2E893-9B3F-4F75-8C09-551A109F6D84}.Ad-Hoc|iPhoneSimulator.Build.0 = Release|Any CPU
		{D5D2E893-9B3F-4F75-8C09-551A109F6D84}.Ad-Hoc|x64.ActiveCfg = Release|Any CPU
		{D5D2E893-9B3F-4F75-8C09-551A109F6D84}.Ad-Hoc|x64.Build.0 = Release|Any CPU
		{D5D2E893-9B3F-4F75-8C09-551A109F6D84}.Ad-Hoc|x86.ActiveCfg = Release|Any CPU
		{D5D2E893-9B3F-4F75-8C09-551A109F6D84}.Ad-Hoc|x86.Build.0 = Release|Any CPU
		{D5D2E893-9B3F-4F75-8C09-551A109F6D84}.AppStore|Any CPU.ActiveCfg = Release|Any CPU
		{D5D2E893-9B3F-4F75-8C09-551A109F6D84}.AppStore|Any CPU.Build.0 = Release|Any CPU
		{D5D2E893-9B3F-4F75-8C09-551A109F6D84}.AppStore|ARM.ActiveCfg = Release|Any CPU
		{D5D2E893-9B3F-4F75-8C09-551A109F6D84}.AppStore|ARM.Build.0 = Release|Any CPU
		{D5D2E893-9B3F-4F75-8C09-551A109F6D84}.AppStore|iPhone.ActiveCfg = Release|Any CPU
		{D5D2E893-9B3F-4F75-8C09-551A109F6D84}.AppStore|iPhone.Build.0 = Release|Any CPU
		{D5D2E893-9B3F-4F75-8C09-551A109F6D84}.AppStore|iPhoneSimulator.ActiveCfg = Release|Any CPU
		{D5D2E893-9B3F-4F75-8C09-551A109F6D84}.AppStore|iPhoneSimulator.Build.0 = Release|Any CPU
		{D5D2E893-9B3F-4F75-8C09-551A109F6D84}.AppStore|x64.ActiveCfg = Release|Any CPU
		{D5D2E893-9B3F-4F75-8C09-551A109F6D84}.AppStore|x64.Build.0 = Release|Any CPU
		{D5D2E893-9B3F-4F75-8C09-551A109F6D84}.AppStore|x86.ActiveCfg = Release|Any CPU
		{D5D2E893-9B3F-4F75-8C09-551A109F6D84}.AppStore|x86.Build.0 = Release|Any CPU
		{D5D2E893-9B3F-4F75-8C09-551A109F6D84}.Debug|Any CPU.ActiveCfg = Debug|Any CPU
		{D5D2E893-9B3F-4F75-8C09-551A109F6D84}.Debug|Any CPU.Build.0 = Debug|Any CPU
		{D5D2E893-9B3F-4F75-8C09-551A109F6D84}.Debug|ARM.ActiveCfg = Debug|Any CPU
		{D5D2E893-9B3F-4F75-8C09-551A109F6D84}.Debug|ARM.Build.0 = Debug|Any CPU
		{D5D2E893-9B3F-4F75-8C09-551A109F6D84}.Debug|iPhone.ActiveCfg = Debug|Any CPU
		{D5D2E893-9B3F-4F75-8C09-551A109F6D84}.Debug|iPhone.Build.0 = Debug|Any CPU
		{D5D2E893-9B3F-4F75-8C09-551A109F6D84}.Debug|iPhoneSimulator.ActiveCfg = Debug|Any CPU
		{D5D2E893-9B3F-4F75-8C09-551A109F6D84}.Debug|iPhoneSimulator.Build.0 = Debug|Any CPU
		{D5D2E893-9B3F-4F75-8C09-551A109F6D84}.Debug|x64.ActiveCfg = Debug|Any CPU
		{D5D2E893-9B3F-4F75-8C09-551A109F6D84}.Debug|x64.Build.0 = Debug|Any CPU
		{D5D2E893-9B3F-4F75-8C09-551A109F6D84}.Debug|x86.ActiveCfg = Debug|Any CPU
		{D5D2E893-9B3F-4F75-8C09-551A109F6D84}.Debug|x86.Build.0 = Debug|Any CPU
		{D5D2E893-9B3F-4F75-8C09-551A109F6D84}.Release|Any CPU.ActiveCfg = Release|Any CPU
		{D5D2E893-9B3F-4F75-8C09-551A109F6D84}.Release|Any CPU.Build.0 = Release|Any CPU
		{D5D2E893-9B3F-4F75-8C09-551A109F6D84}.Release|ARM.ActiveCfg = Release|Any CPU
		{D5D2E893-9B3F-4F75-8C09-551A109F6D84}.Release|ARM.Build.0 = Release|Any CPU
		{D5D2E893-9B3F-4F75-8C09-551A109F6D84}.Release|iPhone.ActiveCfg = Release|Any CPU
		{D5D2E893-9B3F-4F75-8C09-551A109F6D84}.Release|iPhone.Build.0 = Release|Any CPU
		{D5D2E893-9B3F-4F75-8C09-551A109F6D84}.Release|iPhoneSimulator.ActiveCfg = Release|Any CPU
		{D5D2E893-9B3F-4F75-8C09-551A109F6D84}.Release|iPhoneSimulator.Build.0 = Release|Any CPU
		{D5D2E893-9B3F-4F75-8C09-551A109F6D84}.Release|x64.ActiveCfg = Release|Any CPU
		{D5D2E893-9B3F-4F75-8C09-551A109F6D84}.Release|x64.Build.0 = Release|Any CPU
		{D5D2E893-9B3F-4F75-8C09-551A109F6D84}.Release|x86.ActiveCfg = Release|Any CPU
		{D5D2E893-9B3F-4F75-8C09-551A109F6D84}.Release|x86.Build.0 = Release|Any CPU
		{67F9D3A8-F71E-4428-913F-C37AE82CDB24}.Ad-Hoc|Any CPU.ActiveCfg = Release|Any CPU
		{67F9D3A8-F71E-4428-913F-C37AE82CDB24}.Ad-Hoc|Any CPU.Build.0 = Release|Any CPU
		{67F9D3A8-F71E-4428-913F-C37AE82CDB24}.Ad-Hoc|ARM.ActiveCfg = Release|Any CPU
		{67F9D3A8-F71E-4428-913F-C37AE82CDB24}.Ad-Hoc|ARM.Build.0 = Release|Any CPU
		{67F9D3A8-F71E-4428-913F-C37AE82CDB24}.Ad-Hoc|iPhone.ActiveCfg = Release|Any CPU
		{67F9D3A8-F71E-4428-913F-C37AE82CDB24}.Ad-Hoc|iPhone.Build.0 = Release|Any CPU
		{67F9D3A8-F71E-4428-913F-C37AE82CDB24}.Ad-Hoc|iPhoneSimulator.ActiveCfg = Release|Any CPU
		{67F9D3A8-F71E-4428-913F-C37AE82CDB24}.Ad-Hoc|iPhoneSimulator.Build.0 = Release|Any CPU
		{67F9D3A8-F71E-4428-913F-C37AE82CDB24}.Ad-Hoc|x64.ActiveCfg = Release|Any CPU
		{67F9D3A8-F71E-4428-913F-C37AE82CDB24}.Ad-Hoc|x64.Build.0 = Release|Any CPU
		{67F9D3A8-F71E-4428-913F-C37AE82CDB24}.Ad-Hoc|x86.ActiveCfg = Release|Any CPU
		{67F9D3A8-F71E-4428-913F-C37AE82CDB24}.Ad-Hoc|x86.Build.0 = Release|Any CPU
		{67F9D3A8-F71E-4428-913F-C37AE82CDB24}.AppStore|Any CPU.ActiveCfg = Release|Any CPU
		{67F9D3A8-F71E-4428-913F-C37AE82CDB24}.AppStore|Any CPU.Build.0 = Release|Any CPU
		{67F9D3A8-F71E-4428-913F-C37AE82CDB24}.AppStore|ARM.ActiveCfg = Release|Any CPU
		{67F9D3A8-F71E-4428-913F-C37AE82CDB24}.AppStore|ARM.Build.0 = Release|Any CPU
		{67F9D3A8-F71E-4428-913F-C37AE82CDB24}.AppStore|iPhone.ActiveCfg = Release|Any CPU
		{67F9D3A8-F71E-4428-913F-C37AE82CDB24}.AppStore|iPhone.Build.0 = Release|Any CPU
		{67F9D3A8-F71E-4428-913F-C37AE82CDB24}.AppStore|iPhoneSimulator.ActiveCfg = Release|Any CPU
		{67F9D3A8-F71E-4428-913F-C37AE82CDB24}.AppStore|iPhoneSimulator.Build.0 = Release|Any CPU
		{67F9D3A8-F71E-4428-913F-C37AE82CDB24}.AppStore|x64.ActiveCfg = Release|Any CPU
		{67F9D3A8-F71E-4428-913F-C37AE82CDB24}.AppStore|x64.Build.0 = Release|Any CPU
		{67F9D3A8-F71E-4428-913F-C37AE82CDB24}.AppStore|x86.ActiveCfg = Release|Any CPU
		{67F9D3A8-F71E-4428-913F-C37AE82CDB24}.AppStore|x86.Build.0 = Release|Any CPU
		{67F9D3A8-F71E-4428-913F-C37AE82CDB24}.Debug|Any CPU.ActiveCfg = Debug|Any CPU
		{67F9D3A8-F71E-4428-913F-C37AE82CDB24}.Debug|Any CPU.Build.0 = Debug|Any CPU
		{67F9D3A8-F71E-4428-913F-C37AE82CDB24}.Debug|ARM.ActiveCfg = Debug|Any CPU
		{67F9D3A8-F71E-4428-913F-C37AE82CDB24}.Debug|ARM.Build.0 = Debug|Any CPU
		{67F9D3A8-F71E-4428-913F-C37AE82CDB24}.Debug|iPhone.ActiveCfg = Debug|Any CPU
		{67F9D3A8-F71E-4428-913F-C37AE82CDB24}.Debug|iPhone.Build.0 = Debug|Any CPU
		{67F9D3A8-F71E-4428-913F-C37AE82CDB24}.Debug|iPhoneSimulator.ActiveCfg = Debug|Any CPU
		{67F9D3A8-F71E-4428-913F-C37AE82CDB24}.Debug|iPhoneSimulator.Build.0 = Debug|Any CPU
		{67F9D3A8-F71E-4428-913F-C37AE82CDB24}.Debug|x64.ActiveCfg = Debug|Any CPU
		{67F9D3A8-F71E-4428-913F-C37AE82CDB24}.Debug|x64.Build.0 = Debug|Any CPU
		{67F9D3A8-F71E-4428-913F-C37AE82CDB24}.Debug|x86.ActiveCfg = Debug|Any CPU
		{67F9D3A8-F71E-4428-913F-C37AE82CDB24}.Debug|x86.Build.0 = Debug|Any CPU
		{67F9D3A8-F71E-4428-913F-C37AE82CDB24}.Release|Any CPU.ActiveCfg = Release|Any CPU
		{67F9D3A8-F71E-4428-913F-C37AE82CDB24}.Release|Any CPU.Build.0 = Release|Any CPU
		{67F9D3A8-F71E-4428-913F-C37AE82CDB24}.Release|ARM.ActiveCfg = Release|Any CPU
		{67F9D3A8-F71E-4428-913F-C37AE82CDB24}.Release|ARM.Build.0 = Release|Any CPU
		{67F9D3A8-F71E-4428-913F-C37AE82CDB24}.Release|iPhone.ActiveCfg = Release|Any CPU
		{67F9D3A8-F71E-4428-913F-C37AE82CDB24}.Release|iPhone.Build.0 = Release|Any CPU
		{67F9D3A8-F71E-4428-913F-C37AE82CDB24}.Release|iPhoneSimulator.ActiveCfg = Release|Any CPU
		{67F9D3A8-F71E-4428-913F-C37AE82CDB24}.Release|iPhoneSimulator.Build.0 = Release|Any CPU
		{67F9D3A8-F71E-4428-913F-C37AE82CDB24}.Release|x64.ActiveCfg = Release|Any CPU
		{67F9D3A8-F71E-4428-913F-C37AE82CDB24}.Release|x64.Build.0 = Release|Any CPU
		{67F9D3A8-F71E-4428-913F-C37AE82CDB24}.Release|x86.ActiveCfg = Release|Any CPU
		{67F9D3A8-F71E-4428-913F-C37AE82CDB24}.Release|x86.Build.0 = Release|Any CPU
	EndGlobalSection
	GlobalSection(SolutionProperties) = preSolution
		HideSolutionNode = FALSE
	EndGlobalSection
EndGlobal
